// !$*UTF8*$!
{
	archiveVersion = 1;
	classes = {
	};
	objectVersion = 46;
	objects = {

/* Begin PBXBuildFile section */
		160595F5199C9D6D004F5978 /* AppDelegate.swift in Sources */ = {isa = PBXBuildFile; fileRef = 160595F4199C9D6D004F5978 /* AppDelegate.swift */; };
		160595F8199C9D6D004F5978 /* CoffeeJourneyProto.xcdatamodeld in Sources */ = {isa = PBXBuildFile; fileRef = 160595F6199C9D6D004F5978 /* CoffeeJourneyProto.xcdatamodeld */; };
		160595FA199C9D6D004F5978 /* ViewController.swift in Sources */ = {isa = PBXBuildFile; fileRef = 160595F9199C9D6D004F5978 /* ViewController.swift */; };
		160595FD199C9D6D004F5978 /* Main.storyboard in Resources */ = {isa = PBXBuildFile; fileRef = 160595FB199C9D6D004F5978 /* Main.storyboard */; };
		160595FF199C9D6D004F5978 /* Images.xcassets in Resources */ = {isa = PBXBuildFile; fileRef = 160595FE199C9D6D004F5978 /* Images.xcassets */; };
		1605960B199C9D6E004F5978 /* CoffeeJourneyProtoTests.swift in Sources */ = {isa = PBXBuildFile; fileRef = 1605960A199C9D6E004F5978 /* CoffeeJourneyProtoTests.swift */; };
		1605961A199CAD43004F5978 /* MainMenuTableViewController.swift in Sources */ = {isa = PBXBuildFile; fileRef = 16059619199CAD43004F5978 /* MainMenuTableViewController.swift */; };
		1605961C199CAF65004F5978 /* SearchConditionViewController.swift in Sources */ = {isa = PBXBuildFile; fileRef = 1605961B199CAF65004F5978 /* SearchConditionViewController.swift */; };
		1605961E199CB118004F5978 /* JourneyLogEditorViewController.swift in Sources */ = {isa = PBXBuildFile; fileRef = 1605961D199CB118004F5978 /* JourneyLogEditorViewController.swift */; };
		16059620199CB269004F5978 /* SearchResultTableViewController.swift in Sources */ = {isa = PBXBuildFile; fileRef = 1605961F199CB269004F5978 /* SearchResultTableViewController.swift */; };
		16059622199CCD79004F5978 /* DefaultMainMenuTableViewCell.swift in Sources */ = {isa = PBXBuildFile; fileRef = 16059621199CCD79004F5978 /* DefaultMainMenuTableViewCell.swift */; };
		16B7BD6F19A9C73800E387F0 /* CoffeeMemoEntity.swift in Sources */ = {isa = PBXBuildFile; fileRef = 16B7BD6E19A9C73800E387F0 /* CoffeeMemoEntity.swift */; };
		16B7BD7119B19A3C00E387F0 /* DatePickerViewController.swift in Sources */ = {isa = PBXBuildFile; fileRef = 16B7BD7019B19A3C00E387F0 /* DatePickerViewController.swift */; };
		16B7BD7419B1FCC500E387F0 /* CoffeeMemoService.swift in Sources */ = {isa = PBXBuildFile; fileRef = 16B7BD7319B1FCC500E387F0 /* CoffeeMemoService.swift */; };
		16B9EFAB199EEDA200829F47 /* DateUtility.swift in Sources */ = {isa = PBXBuildFile; fileRef = 16B9EFAA199EEDA200829F47 /* DateUtility.swift */; };
		16B9EFAE199EFB3C00829F47 /* CoffeeMemoSearchCondition.swift in Sources */ = {isa = PBXBuildFile; fileRef = 16B9EFAD199EFB3C00829F47 /* CoffeeMemoSearchCondition.swift */; };
		16B9EFB3199F118400829F47 /* StringUtility.swift in Sources */ = {isa = PBXBuildFile; fileRef = 16B9EFB1199F0B9900829F47 /* StringUtility.swift */; };
		16B9EFB4199F11B400829F47 /* CoffeeMemoContext.swift in Sources */ = {isa = PBXBuildFile; fileRef = 16B9EFAF199EFCA200829F47 /* CoffeeMemoContext.swift */; };
		16B9EFB6199F49DF00829F47 /* ViewUtility.swift in Sources */ = {isa = PBXBuildFile; fileRef = 16B9EFB5199F49DF00829F47 /* ViewUtility.swift */; };
		16B9EFB819A993F000829F47 /* CJLEditorTableViewController.swift in Sources */ = {isa = PBXBuildFile; fileRef = 16B9EFB719A993F000829F47 /* CJLEditorTableViewController.swift */; };
		16CC926419B28A830021B815 /* PickerViewController.swift in Sources */ = {isa = PBXBuildFile; fileRef = 16CC926319B28A830021B815 /* PickerViewController.swift */; };
/* End PBXBuildFile section */

/* Begin PBXContainerItemProxy section */
		16059605199C9D6E004F5978 /* PBXContainerItemProxy */ = {
			isa = PBXContainerItemProxy;
			containerPortal = 160595E7199C9D6D004F5978 /* Project object */;
			proxyType = 1;
			remoteGlobalIDString = 160595EE199C9D6D004F5978;
			remoteInfo = CoffeeJourneyProto;
		};
/* End PBXContainerItemProxy section */

/* Begin PBXFileReference section */
		160595EF199C9D6D004F5978 /* CoffeeJourneyProto.app */ = {isa = PBXFileReference; explicitFileType = wrapper.application; includeInIndex = 0; path = CoffeeJourneyProto.app; sourceTree = BUILT_PRODUCTS_DIR; };
		160595F3199C9D6D004F5978 /* Info.plist */ = {isa = PBXFileReference; lastKnownFileType = text.plist.xml; path = Info.plist; sourceTree = "<group>"; };
		160595F4199C9D6D004F5978 /* AppDelegate.swift */ = {isa = PBXFileReference; lastKnownFileType = sourcecode.swift; path = AppDelegate.swift; sourceTree = "<group>"; };
		160595F7199C9D6D004F5978 /* CoffeeJourneyProto.xcdatamodel */ = {isa = PBXFileReference; lastKnownFileType = wrapper.xcdatamodel; path = CoffeeJourneyProto.xcdatamodel; sourceTree = "<group>"; };
		160595F9199C9D6D004F5978 /* ViewController.swift */ = {isa = PBXFileReference; lastKnownFileType = sourcecode.swift; path = ViewController.swift; sourceTree = "<group>"; };
		160595FC199C9D6D004F5978 /* Base */ = {isa = PBXFileReference; lastKnownFileType = file.storyboard; name = Base; path = Base.lproj/Main.storyboard; sourceTree = "<group>"; };
		160595FE199C9D6D004F5978 /* Images.xcassets */ = {isa = PBXFileReference; lastKnownFileType = folder.assetcatalog; path = Images.xcassets; sourceTree = "<group>"; };
		16059604199C9D6E004F5978 /* CoffeeJourneyProtoTests.xctest */ = {isa = PBXFileReference; explicitFileType = wrapper.cfbundle; includeInIndex = 0; path = CoffeeJourneyProtoTests.xctest; sourceTree = BUILT_PRODUCTS_DIR; };
		16059609199C9D6E004F5978 /* Info.plist */ = {isa = PBXFileReference; lastKnownFileType = text.plist.xml; path = Info.plist; sourceTree = "<group>"; };
		1605960A199C9D6E004F5978 /* CoffeeJourneyProtoTests.swift */ = {isa = PBXFileReference; lastKnownFileType = sourcecode.swift; path = CoffeeJourneyProtoTests.swift; sourceTree = "<group>"; };
		16059615199CA956004F5978 /* CoffeeJourneyProto-Bridging-Header.h */ = {isa = PBXFileReference; lastKnownFileType = sourcecode.c.h; path = "CoffeeJourneyProto-Bridging-Header.h"; sourceTree = "<group>"; };
		16059616199CA956004F5978 /* CoffeeMemoEntity.swift */ = {isa = PBXFileReference; fileEncoding = 4; lastKnownFileType = sourcecode.swift; path = CoffeeMemoEntity.swift; sourceTree = "<group>"; };
		16059619199CAD43004F5978 /* MainMenuTableViewController.swift */ = {isa = PBXFileReference; fileEncoding = 4; lastKnownFileType = sourcecode.swift; path = MainMenuTableViewController.swift; sourceTree = "<group>"; };
		1605961B199CAF65004F5978 /* SearchConditionViewController.swift */ = {isa = PBXFileReference; fileEncoding = 4; lastKnownFileType = sourcecode.swift; path = SearchConditionViewController.swift; sourceTree = "<group>"; };
		1605961D199CB118004F5978 /* JourneyLogEditorViewController.swift */ = {isa = PBXFileReference; fileEncoding = 4; lastKnownFileType = sourcecode.swift; path = JourneyLogEditorViewController.swift; sourceTree = "<group>"; };
		1605961F199CB269004F5978 /* SearchResultTableViewController.swift */ = {isa = PBXFileReference; fileEncoding = 4; lastKnownFileType = sourcecode.swift; path = SearchResultTableViewController.swift; sourceTree = "<group>"; };
		16059621199CCD79004F5978 /* DefaultMainMenuTableViewCell.swift */ = {isa = PBXFileReference; fileEncoding = 4; lastKnownFileType = sourcecode.swift; path = DefaultMainMenuTableViewCell.swift; sourceTree = "<group>"; };
		16B7BD6E19A9C73800E387F0 /* CoffeeMemoEntity.swift */ = {isa = PBXFileReference; fileEncoding = 4; lastKnownFileType = sourcecode.swift; path = CoffeeMemoEntity.swift; sourceTree = "<group>"; };
		16B7BD7019B19A3C00E387F0 /* DatePickerViewController.swift */ = {isa = PBXFileReference; fileEncoding = 4; lastKnownFileType = sourcecode.swift; path = DatePickerViewController.swift; sourceTree = "<group>"; };
		16B7BD7319B1FCC500E387F0 /* CoffeeMemoService.swift */ = {isa = PBXFileReference; fileEncoding = 4; lastKnownFileType = sourcecode.swift; path = CoffeeMemoService.swift; sourceTree = "<group>"; };
		16B9EFAA199EEDA200829F47 /* DateUtility.swift */ = {isa = PBXFileReference; fileEncoding = 4; lastKnownFileType = sourcecode.swift; path = DateUtility.swift; sourceTree = "<group>"; };
		16B9EFAD199EFB3C00829F47 /* CoffeeMemoSearchCondition.swift */ = {isa = PBXFileReference; fileEncoding = 4; lastKnownFileType = sourcecode.swift; path = CoffeeMemoSearchCondition.swift; sourceTree = "<group>"; };
		16B9EFAF199EFCA200829F47 /* CoffeeMemoContext.swift */ = {isa = PBXFileReference; fileEncoding = 4; lastKnownFileType = sourcecode.swift; path = CoffeeMemoContext.swift; sourceTree = "<group>"; };
		16B9EFB1199F0B9900829F47 /* StringUtility.swift */ = {isa = PBXFileReference; fileEncoding = 4; lastKnownFileType = sourcecode.swift; path = StringUtility.swift; sourceTree = "<group>"; };
		16B9EFB5199F49DF00829F47 /* ViewUtility.swift */ = {isa = PBXFileReference; fileEncoding = 4; lastKnownFileType = sourcecode.swift; path = ViewUtility.swift; sourceTree = "<group>"; };
		16B9EFB719A993F000829F47 /* CJLEditorTableViewController.swift */ = {isa = PBXFileReference; fileEncoding = 4; lastKnownFileType = sourcecode.swift; path = CJLEditorTableViewController.swift; sourceTree = "<group>"; };
		16B9EFB919A9A87200829F47 /* CoffeeJourneyProto_CJLEditorV2.xcdatamodel */ = {isa = PBXFileReference; lastKnownFileType = wrapper.xcdatamodel; path = CoffeeJourneyProto_CJLEditorV2.xcdatamodel; sourceTree = "<group>"; };
		16CC926319B28A830021B815 /* PickerViewController.swift */ = {isa = PBXFileReference; fileEncoding = 4; lastKnownFileType = sourcecode.swift; path = PickerViewController.swift; sourceTree = "<group>"; };
/* End PBXFileReference section */

/* Begin PBXFrameworksBuildPhase section */
		160595EC199C9D6D004F5978 /* Frameworks */ = {
			isa = PBXFrameworksBuildPhase;
			buildActionMask = 2147483647;
			files = (
			);
			runOnlyForDeploymentPostprocessing = 0;
		};
		16059601199C9D6E004F5978 /* Frameworks */ = {
			isa = PBXFrameworksBuildPhase;
			buildActionMask = 2147483647;
			files = (
			);
			runOnlyForDeploymentPostprocessing = 0;
		};
/* End PBXFrameworksBuildPhase section */

/* Begin PBXGroup section */
		160595E6199C9D6D004F5978 = {
			isa = PBXGroup;
			children = (
				160595F1199C9D6D004F5978 /* CoffeeJourneyProto */,
				16059607199C9D6E004F5978 /* CoffeeJourneyProtoTests */,
				160595F0199C9D6D004F5978 /* Products */,
			);
			sourceTree = "<group>";
		};
		160595F0199C9D6D004F5978 /* Products */ = {
			isa = PBXGroup;
			children = (
				160595EF199C9D6D004F5978 /* CoffeeJourneyProto.app */,
				16059604199C9D6E004F5978 /* CoffeeJourneyProtoTests.xctest */,
			);
			name = Products;
			sourceTree = "<group>";
		};
		160595F1199C9D6D004F5978 /* CoffeeJourneyProto */ = {
			isa = PBXGroup;
			children = (
				16B7BD7219B1FC4C00E387F0 /* Services */,
				16B9EFAC199EFA2800829F47 /* Data */,
				16B9EFA9199EED2000829F47 /* Utilities */,
				16059618199CAAA6004F5978 /* Views */,
				16059614199CA744004F5978 /* Entities */,
				160595F4199C9D6D004F5978 /* AppDelegate.swift */,
				160595F9199C9D6D004F5978 /* ViewController.swift */,
				160595FB199C9D6D004F5978 /* Main.storyboard */,
				160595FE199C9D6D004F5978 /* Images.xcassets */,
				160595F6199C9D6D004F5978 /* CoffeeJourneyProto.xcdatamodeld */,
				160595F2199C9D6D004F5978 /* Supporting Files */,
			);
			path = CoffeeJourneyProto;
			sourceTree = "<group>";
		};
		160595F2199C9D6D004F5978 /* Supporting Files */ = {
			isa = PBXGroup;
			children = (
				160595F3199C9D6D004F5978 /* Info.plist */,
			);
			name = "Supporting Files";
			sourceTree = "<group>";
		};
		16059607199C9D6E004F5978 /* CoffeeJourneyProtoTests */ = {
			isa = PBXGroup;
			children = (
				1605960A199C9D6E004F5978 /* CoffeeJourneyProtoTests.swift */,
				16059608199C9D6E004F5978 /* Supporting Files */,
			);
			path = CoffeeJourneyProtoTests;
			sourceTree = "<group>";
		};
		16059608199C9D6E004F5978 /* Supporting Files */ = {
			isa = PBXGroup;
			children = (
				16059609199C9D6E004F5978 /* Info.plist */,
			);
			name = "Supporting Files";
			sourceTree = "<group>";
		};
		16059614199CA744004F5978 /* Entities */ = {
			isa = PBXGroup;
			children = (
				16B7BD6D19A9C70400E387F0 /* V2 */,
				16059616199CA956004F5978 /* CoffeeMemoEntity.swift */,
				16059615199CA956004F5978 /* CoffeeJourneyProto-Bridging-Header.h */,
			);
			path = Entities;
			sourceTree = "<group>";
		};
		16059618199CAAA6004F5978 /* Views */ = {
			isa = PBXGroup;
			children = (
				16059619199CAD43004F5978 /* MainMenuTableViewController.swift */,
				1605961B199CAF65004F5978 /* SearchConditionViewController.swift */,
				1605961D199CB118004F5978 /* JourneyLogEditorViewController.swift */,
				1605961F199CB269004F5978 /* SearchResultTableViewController.swift */,
				16059621199CCD79004F5978 /* DefaultMainMenuTableViewCell.swift */,
				16B9EFB719A993F000829F47 /* CJLEditorTableViewController.swift */,
				16B7BD7019B19A3C00E387F0 /* DatePickerViewController.swift */,
				16CC926319B28A830021B815 /* PickerViewController.swift */,
			);
			path = Views;
			sourceTree = "<group>";
		};
		16B7BD6D19A9C70400E387F0 /* V2 */ = {
			isa = PBXGroup;
			children = (
				16B7BD6E19A9C73800E387F0 /* CoffeeMemoEntity.swift */,
			);
			path = V2;
			sourceTree = "<group>";
		};
		16B7BD7219B1FC4C00E387F0 /* Services */ = {
			isa = PBXGroup;
			children = (
				16B7BD7319B1FCC500E387F0 /* CoffeeMemoService.swift */,
			);
			path = Services;
			sourceTree = "<group>";
		};
		16B9EFA9199EED2000829F47 /* Utilities */ = {
			isa = PBXGroup;
			children = (
				16B9EFAA199EEDA200829F47 /* DateUtility.swift */,
				16B9EFB1199F0B9900829F47 /* StringUtility.swift */,
				16B9EFB5199F49DF00829F47 /* ViewUtility.swift */,
			);
			path = Utilities;
			sourceTree = "<group>";
		};
		16B9EFAC199EFA2800829F47 /* Data */ = {
			isa = PBXGroup;
			children = (
				16B9EFAD199EFB3C00829F47 /* CoffeeMemoSearchCondition.swift */,
				16B9EFAF199EFCA200829F47 /* CoffeeMemoContext.swift */,
			);
			path = Data;
			sourceTree = "<group>";
		};
/* End PBXGroup section */

/* Begin PBXNativeTarget section */
		160595EE199C9D6D004F5978 /* CoffeeJourneyProto */ = {
			isa = PBXNativeTarget;
			buildConfigurationList = 1605960E199C9D6E004F5978 /* Build configuration list for PBXNativeTarget "CoffeeJourneyProto" */;
			buildPhases = (
				160595EB199C9D6D004F5978 /* Sources */,
				160595EC199C9D6D004F5978 /* Frameworks */,
				160595ED199C9D6D004F5978 /* Resources */,
			);
			buildRules = (
			);
			dependencies = (
			);
			name = CoffeeJourneyProto;
			productName = CoffeeJourneyProto;
			productReference = 160595EF199C9D6D004F5978 /* CoffeeJourneyProto.app */;
			productType = "com.apple.product-type.application";
		};
		16059603199C9D6E004F5978 /* CoffeeJourneyProtoTests */ = {
			isa = PBXNativeTarget;
			buildConfigurationList = 16059611199C9D6E004F5978 /* Build configuration list for PBXNativeTarget "CoffeeJourneyProtoTests" */;
			buildPhases = (
				16059600199C9D6E004F5978 /* Sources */,
				16059601199C9D6E004F5978 /* Frameworks */,
				16059602199C9D6E004F5978 /* Resources */,
			);
			buildRules = (
			);
			dependencies = (
				16059606199C9D6E004F5978 /* PBXTargetDependency */,
			);
			name = CoffeeJourneyProtoTests;
			productName = CoffeeJourneyProtoTests;
			productReference = 16059604199C9D6E004F5978 /* CoffeeJourneyProtoTests.xctest */;
			productType = "com.apple.product-type.bundle.unit-test";
		};
/* End PBXNativeTarget section */

/* Begin PBXProject section */
		160595E7199C9D6D004F5978 /* Project object */ = {
			isa = PBXProject;
			attributes = {
				LastUpgradeCheck = 0600;
				ORGANIZATIONNAME = TI;
				TargetAttributes = {
					160595EE199C9D6D004F5978 = {
						CreatedOnToolsVersion = 6.0;
					};
					16059603199C9D6E004F5978 = {
						CreatedOnToolsVersion = 6.0;
						TestTargetID = 160595EE199C9D6D004F5978;
					};
				};
			};
			buildConfigurationList = 160595EA199C9D6D004F5978 /* Build configuration list for PBXProject "CoffeeJourneyProto" */;
			compatibilityVersion = "Xcode 3.2";
			developmentRegion = English;
			hasScannedForEncodings = 0;
			knownRegions = (
				en,
				Base,
			);
			mainGroup = 160595E6199C9D6D004F5978;
			productRefGroup = 160595F0199C9D6D004F5978 /* Products */;
			projectDirPath = "";
			projectRoot = "";
			targets = (
				160595EE199C9D6D004F5978 /* CoffeeJourneyProto */,
				16059603199C9D6E004F5978 /* CoffeeJourneyProtoTests */,
			);
		};
/* End PBXProject section */

/* Begin PBXResourcesBuildPhase section */
		160595ED199C9D6D004F5978 /* Resources */ = {
			isa = PBXResourcesBuildPhase;
			buildActionMask = 2147483647;
			files = (
				160595FD199C9D6D004F5978 /* Main.storyboard in Resources */,
				160595FF199C9D6D004F5978 /* Images.xcassets in Resources */,
			);
			runOnlyForDeploymentPostprocessing = 0;
		};
		16059602199C9D6E004F5978 /* Resources */ = {
			isa = PBXResourcesBuildPhase;
			buildActionMask = 2147483647;
			files = (
			);
			runOnlyForDeploymentPostprocessing = 0;
		};
/* End PBXResourcesBuildPhase section */

/* Begin PBXSourcesBuildPhase section */
		160595EB199C9D6D004F5978 /* Sources */ = {
			isa = PBXSourcesBuildPhase;
			buildActionMask = 2147483647;
			files = (
				16B9EFB4199F11B400829F47 /* CoffeeMemoContext.swift in Sources */,
				16B9EFB6199F49DF00829F47 /* ViewUtility.swift in Sources */,
				16B9EFB3199F118400829F47 /* StringUtility.swift in Sources */,
				16B7BD6F19A9C73800E387F0 /* CoffeeMemoEntity.swift in Sources */,
				16B7BD7119B19A3C00E387F0 /* DatePickerViewController.swift in Sources */,
				16B9EFAE199EFB3C00829F47 /* CoffeeMemoSearchCondition.swift in Sources */,
				16059622199CCD79004F5978 /* DefaultMainMenuTableViewCell.swift in Sources */,
				16B9EFAB199EEDA200829F47 /* DateUtility.swift in Sources */,
				1605961E199CB118004F5978 /* JourneyLogEditorViewController.swift in Sources */,
				160595FA199C9D6D004F5978 /* ViewController.swift in Sources */,
				1605961A199CAD43004F5978 /* MainMenuTableViewController.swift in Sources */,
				16059620199CB269004F5978 /* SearchResultTableViewController.swift in Sources */,
				16CC926419B28A830021B815 /* PickerViewController.swift in Sources */,
				160595F5199C9D6D004F5978 /* AppDelegate.swift in Sources */,
				1605961C199CAF65004F5978 /* SearchConditionViewController.swift in Sources */,
				16B7BD7419B1FCC500E387F0 /* CoffeeMemoService.swift in Sources */,
				16B9EFB819A993F000829F47 /* CJLEditorTableViewController.swift in Sources */,
				160595F8199C9D6D004F5978 /* CoffeeJourneyProto.xcdatamodeld in Sources */,
			);
			runOnlyForDeploymentPostprocessing = 0;
		};
		16059600199C9D6E004F5978 /* Sources */ = {
			isa = PBXSourcesBuildPhase;
			buildActionMask = 2147483647;
			files = (
				1605960B199C9D6E004F5978 /* CoffeeJourneyProtoTests.swift in Sources */,
			);
			runOnlyForDeploymentPostprocessing = 0;
		};
/* End PBXSourcesBuildPhase section */

/* Begin PBXTargetDependency section */
		16059606199C9D6E004F5978 /* PBXTargetDependency */ = {
			isa = PBXTargetDependency;
			target = 160595EE199C9D6D004F5978 /* CoffeeJourneyProto */;
			targetProxy = 16059605199C9D6E004F5978 /* PBXContainerItemProxy */;
		};
/* End PBXTargetDependency section */

/* Begin PBXVariantGroup section */
		160595FB199C9D6D004F5978 /* Main.storyboard */ = {
			isa = PBXVariantGroup;
			children = (
				160595FC199C9D6D004F5978 /* Base */,
			);
			name = Main.storyboard;
			sourceTree = "<group>";
		};
/* End PBXVariantGroup section */

/* Begin XCBuildConfiguration section */
		1605960C199C9D6E004F5978 /* Debug */ = {
			isa = XCBuildConfiguration;
			buildSettings = {
				ALWAYS_SEARCH_USER_PATHS = NO;
				CLANG_CXX_LANGUAGE_STANDARD = "gnu++0x";
				CLANG_CXX_LIBRARY = "libc++";
				CLANG_ENABLE_MODULES = YES;
				CLANG_ENABLE_OBJC_ARC = YES;
				CLANG_WARN_BOOL_CONVERSION = YES;
				CLANG_WARN_CONSTANT_CONVERSION = YES;
				CLANG_WARN_DIRECT_OBJC_ISA_USAGE = YES_ERROR;
				CLANG_WARN_EMPTY_BODY = YES;
				CLANG_WARN_ENUM_CONVERSION = YES;
				CLANG_WARN_INT_CONVERSION = YES;
				CLANG_WARN_OBJC_ROOT_CLASS = YES_ERROR;
				CLANG_WARN_UNREACHABLE_CODE = YES;
				CLANG_WARN__DUPLICATE_METHOD_MATCH = YES;
				"CODE_SIGN_IDENTITY[sdk=iphoneos*]" = "iPhone Developer";
				COPY_PHASE_STRIP = NO;
				ENABLE_STRICT_OBJC_MSGSEND = YES;
				GCC_C_LANGUAGE_STANDARD = gnu99;
				GCC_DYNAMIC_NO_PIC = NO;
				GCC_OPTIMIZATION_LEVEL = 0;
				GCC_PREPROCESSOR_DEFINITIONS = (
					"DEBUG=1",
					"$(inherited)",
				);
				GCC_SYMBOLS_PRIVATE_EXTERN = NO;
				GCC_WARN_64_TO_32_BIT_CONVERSION = YES;
				GCC_WARN_ABOUT_RETURN_TYPE = YES_ERROR;
				GCC_WARN_UNDECLARED_SELECTOR = YES;
				GCC_WARN_UNINITIALIZED_AUTOS = YES_AGGRESSIVE;
				GCC_WARN_UNUSED_FUNCTION = YES;
				GCC_WARN_UNUSED_VARIABLE = YES;
				IPHONEOS_DEPLOYMENT_TARGET = 8.0;
				MTL_ENABLE_DEBUG_INFO = YES;
				ONLY_ACTIVE_ARCH = YES;
				SDKROOT = iphoneos;
				SWIFT_OPTIMIZATION_LEVEL = "-Onone";
			};
			name = Debug;
		};
		1605960D199C9D6E004F5978 /* Release */ = {
			isa = XCBuildConfiguration;
			buildSettings = {
				ALWAYS_SEARCH_USER_PATHS = NO;
				CLANG_CXX_LANGUAGE_STANDARD = "gnu++0x";
				CLANG_CXX_LIBRARY = "libc++";
				CLANG_ENABLE_MODULES = YES;
				CLANG_ENABLE_OBJC_ARC = YES;
				CLANG_WARN_BOOL_CONVERSION = YES;
				CLANG_WARN_CONSTANT_CONVERSION = YES;
				CLANG_WARN_DIRECT_OBJC_ISA_USAGE = YES_ERROR;
				CLANG_WARN_EMPTY_BODY = YES;
				CLANG_WARN_ENUM_CONVERSION = YES;
				CLANG_WARN_INT_CONVERSION = YES;
				CLANG_WARN_OBJC_ROOT_CLASS = YES_ERROR;
				CLANG_WARN_UNREACHABLE_CODE = YES;
				CLANG_WARN__DUPLICATE_METHOD_MATCH = YES;
				"CODE_SIGN_IDENTITY[sdk=iphoneos*]" = "iPhone Developer";
				COPY_PHASE_STRIP = YES;
				ENABLE_NS_ASSERTIONS = NO;
				ENABLE_STRICT_OBJC_MSGSEND = YES;
				GCC_C_LANGUAGE_STANDARD = gnu99;
				GCC_WARN_64_TO_32_BIT_CONVERSION = YES;
				GCC_WARN_ABOUT_RETURN_TYPE = YES_ERROR;
				GCC_WARN_UNDECLARED_SELECTOR = YES;
				GCC_WARN_UNINITIALIZED_AUTOS = YES_AGGRESSIVE;
				GCC_WARN_UNUSED_FUNCTION = YES;
				GCC_WARN_UNUSED_VARIABLE = YES;
				IPHONEOS_DEPLOYMENT_TARGET = 8.0;
				MTL_ENABLE_DEBUG_INFO = NO;
				SDKROOT = iphoneos;
				VALIDATE_PRODUCT = YES;
			};
			name = Release;
		};
		1605960F199C9D6E004F5978 /* Debug */ = {
			isa = XCBuildConfiguration;
			buildSettings = {
				ASSETCATALOG_COMPILER_APPICON_NAME = AppIcon;
				ASSETCATALOG_COMPILER_LAUNCHIMAGE_NAME = LaunchImage;
				CLANG_ENABLE_MODULES = YES;
				INFOPLIST_FILE = CoffeeJourneyProto/Info.plist;
				LD_RUNPATH_SEARCH_PATHS = "$(inherited) @executable_path/Frameworks";
				PRODUCT_NAME = "$(TARGET_NAME)";
				SWIFT_OBJC_BRIDGING_HEADER = "CoffeeJourneyProto/Entities/CoffeeJourneyProto-Bridging-Header.h";
				SWIFT_OPTIMIZATION_LEVEL = "-Onone";
			};
			name = Debug;
		};
		16059610199C9D6E004F5978 /* Release */ = {
			isa = XCBuildConfiguration;
			buildSettings = {
				ASSETCATALOG_COMPILER_APPICON_NAME = AppIcon;
				ASSETCATALOG_COMPILER_LAUNCHIMAGE_NAME = LaunchImage;
				CLANG_ENABLE_MODULES = YES;
				INFOPLIST_FILE = CoffeeJourneyProto/Info.plist;
				LD_RUNPATH_SEARCH_PATHS = "$(inherited) @executable_path/Frameworks";
				PRODUCT_NAME = "$(TARGET_NAME)";
				SWIFT_OBJC_BRIDGING_HEADER = "CoffeeJourneyProto/Entities/CoffeeJourneyProto-Bridging-Header.h";
			};
			name = Release;
		};
		16059612199C9D6E004F5978 /* Debug */ = {
			isa = XCBuildConfiguration;
			buildSettings = {
				BUNDLE_LOADER = "$(TEST_HOST)";
				FRAMEWORK_SEARCH_PATHS = (
					"$(SDKROOT)/Developer/Library/Frameworks",
					"$(inherited)",
				);
				GCC_PREPROCESSOR_DEFINITIONS = (
					"DEBUG=1",
					"$(inherited)",
				);
				INFOPLIST_FILE = CoffeeJourneyProtoTests/Info.plist;
				LD_RUNPATH_SEARCH_PATHS = "$(inherited) @executable_path/Frameworks @loader_path/Frameworks";
				PRODUCT_NAME = "$(TARGET_NAME)";
				TEST_HOST = "$(BUILT_PRODUCTS_DIR)/CoffeeJourneyProto.app/CoffeeJourneyProto";
			};
			name = Debug;
		};
		16059613199C9D6E004F5978 /* Release */ = {
			isa = XCBuildConfiguration;
			buildSettings = {
				BUNDLE_LOADER = "$(TEST_HOST)";
				FRAMEWORK_SEARCH_PATHS = (
					"$(SDKROOT)/Developer/Library/Frameworks",
					"$(inherited)",
				);
				INFOPLIST_FILE = CoffeeJourneyProtoTests/Info.plist;
				LD_RUNPATH_SEARCH_PATHS = "$(inherited) @executable_path/Frameworks @loader_path/Frameworks";
				PRODUCT_NAME = "$(TARGET_NAME)";
				TEST_HOST = "$(BUILT_PRODUCTS_DIR)/CoffeeJourneyProto.app/CoffeeJourneyProto";
			};
			name = Release;
		};
/* End XCBuildConfiguration section */

/* Begin XCConfigurationList section */
		160595EA199C9D6D004F5978 /* Build configuration list for PBXProject "CoffeeJourneyProto" */ = {
			isa = XCConfigurationList;
			buildConfigurations = (
				1605960C199C9D6E004F5978 /* Debug */,
				1605960D199C9D6E004F5978 /* Release */,
			);
			defaultConfigurationIsVisible = 0;
			defaultConfigurationName = Release;
		};
		1605960E199C9D6E004F5978 /* Build configuration list for PBXNativeTarget "CoffeeJourneyProto" */ = {
			isa = XCConfigurationList;
			buildConfigurations = (
				1605960F199C9D6E004F5978 /* Debug */,
				16059610199C9D6E004F5978 /* Release */,
			);
			defaultConfigurationIsVisible = 0;
			defaultConfigurationName = Release;
		};
		16059611199C9D6E004F5978 /* Build configuration list for PBXNativeTarget "CoffeeJourneyProtoTests" */ = {
			isa = XCConfigurationList;
			buildConfigurations = (
				16059612199C9D6E004F5978 /* Debug */,
				16059613199C9D6E004F5978 /* Release */,
			);
			defaultConfigurationIsVisible = 0;
			defaultConfigurationName = Release;
		};
/* End XCConfigurationList section */

/* Begin XCVersionGroup section */
		160595F6199C9D6D004F5978 /* CoffeeJourneyProto.xcdatamodeld */ = {
			isa = XCVersionGroup;
			children = (
				16B9EFB919A9A87200829F47 /* CoffeeJourneyProto_CJLEditorV2.xcdatamodel */,
				160595F7199C9D6D004F5978 /* CoffeeJourneyProto.xcdatamodel */,
			);
			currentVersion = 16B9EFB919A9A87200829F47 /* CoffeeJourneyProto_CJLEditorV2.xcdatamodel */;
			path = CoffeeJourneyProto.xcdatamodeld;
			sourceTree = "<group>";
			versionGroupType = wrapper.xcdatamodel;
		};
/* End XCVersionGroup section */
	};
	rootObject = 160595E7199C9D6D004F5978 /* Project object */;
}
